# This file is automatically @generated by Cargo.
# It is not intended for manual editing.
version = 4

[[package]]
name = "filebelt"
version = "0.1.0"

[[package]]
name = "filebelt-api"
version = "0.1.0"

[[package]]
name = "filebelt-authz"
version = "0.1.0"

[[package]]
name = "filebelt-build-identity"
version = "0.1.0"

[[package]]
name = "filebelt-control-protocol"
version = "0.1.0"

[[package]]
name = "filebelt-controller"
version = "0.1.0"

[[package]]
name = "filebelt-database"
version = "0.1.0"

[[package]]
name = "filebelt-deployment-diagnostics"
version = "0.1.0"

[[package]]
name = "filebelt-document-protocol"
version = "0.1.0"

[[package]]
name = "filebelt-domain"
version = "0.1.0"

[[package]]
name = "filebelt-fuzz"
version = "0.1.0"

[[package]]
name = "filebelt-mcp-broker"
version = "0.1.0"

[[package]]
name = "filebelt-mcp-policy"
version = "0.1.0"

[[package]]
name = "filebelt-media-controller"
version = "0.1.0"

[[package]]
name = "filebelt-repository-tests"
version = "0.1.0"

[[package]]
name = "filebelt-storage-protocol"
version = "0.1.0"

[[package]]
name = "filebelt-unsafe-harness"
version = "0.1.0"

[[package]]
name = "filebelt-vfs-protocol"
version = "0.1.0"

[[package]]
name = "filebelt-worker-io"
version = "0.1.0"

[[package]]
name = "filebelt-worker-maintenance"
version = "0.1.0"

[[package]]
name = "filebeltctl"
version = "0.1.0"
